
Microsoft Visual Studio Solution File, Format Version 12.00
# Visual Studio Version 16
VisualStudioVersion = 16.0.31829.152
MinimumVisualStudioVersion = 10.0.40219.1
Project("{FAE04EC0-301F-11D3-BF4B-00C04F79EFBC}") = "Zadacha6.1", "Zadacha6.1\Zadacha6.1.csproj", "{AC94768D-7871-4E37-ACBC-4481D4A641E5}"
EndProject
Global
	GlobalSection(SolutionConfigurationPlatforms) = preSolution
		Debug|Any CPU = Debug|Any CPU
		Release|Any CPU = Release|Any CPU
	EndGlobalSection
	GlobalSection(ProjectConfigurationPlatforms) = postSolution
		{AC94768D-7871-4E37-ACBC-4481D4A641E5}.Debug|Any CPU.ActiveCfg = Debug|Any CPU
		{AC94768D-7871-4E37-ACBC-4481D4A641E5}.Debug|Any CPU.Build.0 = Debug|Any CPU
		{AC94768D-7871-4E37-ACBC-4481D4A641E5}.Release|Any CPU.ActiveCfg = Release|Any CPU
		{AC94768D-7871-4E37-ACBC-4481D4A641E5}.Release|Any CPU.Build.0 = Release|Any CPU
	EndGlobalSection
	GlobalSection(SolutionProperties) = preSolution
		HideSolutionNode = FALSE
	EndGlobalSection
	GlobalSection(ExtensibilityGlobals) = postSolution
		SolutionGuid = {6CFEB593-F806-4E82-B278-BE5C7F959C3B}
	EndGlobalSection
EndGlobal
